
Microsoft Visual Studio Solution File, Format Version 12.00
# Visual Studio 15
VisualStudioVersion = 15.0.27004.2002
MinimumVisualStudioVersion = 10.0.40219.1
Project("{FAE04EC0-301F-11D3-BF4B-00C04F79EFBC}") = "Ollie", "Ollie\Ollie.csproj", "{EFAB6338-4685-4B10-9C58-9A7D00FC0997}"
EndProject
Global
	GlobalSection(SolutionConfigurationPlatforms) = preSolution
		Debug|Any CPU = Debug|Any CPU
		Release|Any CPU = Release|Any CPU
	EndGlobalSection
	GlobalSection(ProjectConfigurationPlatforms) = postSolution
		{EFAB6338-4685-4B10-9C58-9A7D00FC0997}.Debug|Any CPU.ActiveCfg = Debug|Any CPU
		{EFAB6338-4685-4B10-9C58-9A7D00FC0997}.Debug|Any CPU.Build.0 = Debug|Any CPU
		{EFAB6338-4685-4B10-9C58-9A7D00FC0997}.Release|Any CPU.ActiveCfg = Release|Any CPU
		{EFAB6338-4685-4B10-9C58-9A7D00FC0997}.Release|Any CPU.Build.0 = Release|Any CPU
	EndGlobalSection
	GlobalSection(SolutionProperties) = preSolution
		HideSolutionNode = FALSE
	EndGlobalSection
	GlobalSection(ExtensibilityGlobals) = postSolution
		SolutionGuid = {4A39A687-1FD9-4192-8612-6724D80B9206}
	EndGlobalSection
EndGlobal
